
Microsoft Visual Studio Solution File, Format Version 12.00
# Visual Studio Version 17
VisualStudioVersion = 17.0.32126.317
MinimumVisualStudioVersion = 10.0.40219.1
Project("{FAE04EC0-301F-11D3-BF4B-00C04F79EFBC}") = "user_registation_regex_testing", "user_registation_regex_testing\user_registation_regex_testing.csproj", "{7DC28F9B-5F28-467D-8417-757BCB8311DB}"
EndProject
Project("{FAE04EC0-301F-11D3-BF4B-00C04F79EFBC}") = "UserRigistation_Test", "UserRigistation_Test\UserRigistation_Test.csproj", "{1798CAF9-7806-466D-9885-D84280EBA6C2}"
EndProject
Global
	GlobalSection(SolutionConfigurationPlatforms) = preSolution
		Debug|Any CPU = Debug|Any CPU
		Release|Any CPU = Release|Any CPU
	EndGlobalSection
	GlobalSection(ProjectConfigurationPlatforms) = postSolution
		{7DC28F9B-5F28-467D-8417-757BCB8311DB}.Debug|Any CPU.ActiveCfg = Debug|Any CPU
		{7DC28F9B-5F28-467D-8417-757BCB8311DB}.Debug|Any CPU.Build.0 = Debug|Any CPU
		{7DC28F9B-5F28-467D-8417-757BCB8311DB}.Release|Any CPU.ActiveCfg = Release|Any CPU
		{7DC28F9B-5F28-467D-8417-757BCB8311DB}.Release|Any CPU.Build.0 = Release|Any CPU
		{1798CAF9-7806-466D-9885-D84280EBA6C2}.Debug|Any CPU.ActiveCfg = Debug|Any CPU
		{1798CAF9-7806-466D-9885-D84280EBA6C2}.Debug|Any CPU.Build.0 = Debug|Any CPU
		{1798CAF9-7806-466D-9885-D84280EBA6C2}.Release|Any CPU.ActiveCfg = Release|Any CPU
		{1798CAF9-7806-466D-9885-D84280EBA6C2}.Release|Any CPU.Build.0 = Release|Any CPU
	EndGlobalSection
	GlobalSection(SolutionProperties) = preSolution
		HideSolutionNode = FALSE
	EndGlobalSection
	GlobalSection(ExtensibilityGlobals) = postSolution
		SolutionGuid = {68F548DA-51D2-40A4-B38D-53FF6FA59F50}
	EndGlobalSection
EndGlobal
